
Microsoft Visual Studio Solution File, Format Version 12.00
# Visual Studio Version 17
VisualStudioVersion = 17.5.002.0
MinimumVisualStudioVersion = 10.0.40219.1
Project("{9A19103F-16F7-4668-BE54-9A1E7A4F7556}") = "TimeTracker", "TimeTracker.csproj", "{D2BBCF57-2720-4ADB-9395-C008890B3325}"
EndProject
Global
	GlobalSection(SolutionConfigurationPlatforms) = preSolution
		Debug|Any CPU = Debug|Any CPU
		Release|Any CPU = Release|Any CPU
	EndGlobalSection
	GlobalSection(ProjectConfigurationPlatforms) = postSolution
		{D2BBCF57-2720-4ADB-9395-C008890B3325}.Debug|Any CPU.ActiveCfg = Debug|Any CPU
		{D2BBCF57-2720-4ADB-9395-C008890B3325}.Debug|Any CPU.Build.0 = Debug|Any CPU
		{D2BBCF57-2720-4ADB-9395-C008890B3325}.Release|Any CPU.ActiveCfg = Release|Any CPU
		{D2BBCF57-2720-4ADB-9395-C008890B3325}.Release|Any CPU.Build.0 = Release|Any CPU
	EndGlobalSection
	GlobalSection(SolutionProperties) = preSolution
		HideSolutionNode = FALSE
	EndGlobalSection
	GlobalSection(ExtensibilityGlobals) = postSolution
		SolutionGuid = {4F10A408-6663-41DE-B7E8-D5B749D4FF07}
	EndGlobalSection
EndGlobal
